# This file was autogenerated by Stack.
# You should not edit this file by hand.
# For more information, please see the documentation at:
#   https://docs.haskellstack.org/en/stable/topics/lock_files

packages:
- completed:
    hackage: servant-htmx-0.1.0.2@sha256:cdafd3165d28694ec4bf81fff3b87b4721415293d75a394a97c26d0d4d57e38c,1817
    pantry-tree:
      sha256: e2eac22dcc977e6081ba7614d748d7a6a83b2001d4e719d6afb9ae6edf6bb23d
      size: 416
  original:
    hackage: servant-htmx-0.1.0.2@sha256:cdafd3165d28694ec4bf81fff3b87b4721415293d75a394a97c26d0d4d57e38c,1817
- completed:
    hackage: blaze-htmx-0.1.0.0@sha256:cfd799bf5e0693879ad175168f6c78d45cb8f543428fa374f6ffb62fbc8dc52f,1327
    pantry-tree:
      sha256: cb241d2dbe5bf54c3b37adf4b34284f766c6d6a6f408e8af9e0ad6be01c89f8c
      size: 473
  original:
    hackage: blaze-htmx-0.1.0.0@sha256:cfd799bf5e0693879ad175168f6c78d45cb8f543428fa374f6ffb62fbc8dc52f,1327
snapshots:
- completed:
    sha256: 238fa745b64f91184f9aa518fe04bdde6552533d169b0da5256670df83a0f1a9
    size: 721141
    url: https://raw.githubusercontent.com/commercialhaskell/stackage-snapshots/master/lts/22/44.yaml
  original:
    url: https://raw.githubusercontent.com/commercialhaskell/stackage-snapshots/master/lts/22/44.yaml
