# This file was autogenerated by Stack.
# You should not edit this file by hand.
# For more information, please see the documentation at:
#   https://docs.haskellstack.org/en/stable/lock_files

packages:
- completed:
    hackage: servant-auth-server-0.4.9.0@sha256:dff8a46a1491b9102323094b3a715ceaaa0b2d450cb81e2e0784bd5c19a7199f,5397
    pantry-tree:
      sha256: 7625d590d3349090eba88faec5187fede4c4302c8567255e675a592feaa55035
      size: 1376
  original:
    hackage: servant-auth-server-0.4.9.0@sha256:dff8a46a1491b9102323094b3a715ceaaa0b2d450cb81e2e0784bd5c19a7199f,5397
- completed:
    hackage: servant-0.20.2@sha256:a4613dc1caa40d1b8db7aff00417dc2d651a8d73a90add3d934218b1778df35c,5371
    pantry-tree:
      sha256: 23364c969c171541475d270a7cf0d20ee59b4b88058deafef80b0070416670f0
      size: 2944
  original:
    hackage: servant-0.20.2@sha256:a4613dc1caa40d1b8db7aff00417dc2d651a8d73a90add3d934218b1778df35c,5371
- completed:
    hackage: servant-auth-0.4.2.0@sha256:5fa6b8c2b40deb542d9b2fc2d18ce0c90f7e4a26268f018dd933c8881c23db5f,2211
    pantry-tree:
      sha256: 6521cfdade49ad8f811a546c69da6d48c0f0cb84f9452c2a7a9b2fd3e2af9243
      size: 332
  original:
    hackage: servant-auth-0.4.2.0@sha256:5fa6b8c2b40deb542d9b2fc2d18ce0c90f7e4a26268f018dd933c8881c23db5f,2211
- completed:
    hackage: servant-server-0.20.2@sha256:5a2d11959256fed8f4918f02f55cb597b61cc92191a672cd2d2228fadd5ee0ec,6226
    pantry-tree:
      sha256: 234c87e0a70ab6b15df75b526b344715584693be4a5c1b373ecfaaebc9c4127b
      size: 2615
  original:
    hackage: servant-server-0.20.2@sha256:5a2d11959256fed8f4918f02f55cb597b61cc92191a672cd2d2228fadd5ee0ec,6226
snapshots:
- completed:
    sha256: a81fb3877c4f9031e1325eb3935122e608d80715dc16b586eb11ddbff8671ecd
    size: 640086
    url: https://raw.githubusercontent.com/commercialhaskell/stackage-snapshots/master/lts/21/25.yaml
  original:
    url: https://raw.githubusercontent.com/commercialhaskell/stackage-snapshots/master/lts/21/25.yaml
